
Microsoft Visual Studio Solution File, Format Version 12.00
# Visual Studio 15
VisualStudioVersion = 15.0.28307.1022
MinimumVisualStudioVersion = 10.0.40219.1
Project("{FAE04EC0-301F-11D3-BF4B-00C04F79EFBC}") = "caculator 1", "Csharp\caculator 1.csproj", "{405FCB54-6DD3-4069-9E8D-E7F08874F89A}"
EndProject
Project("{FAE04EC0-301F-11D3-BF4B-00C04F79EFBC}") = "caculator 2", "caculator 2\caculator 2.csproj", "{41BCC87D-56D5-49BC-B43B-69A14247AF3F}"
EndProject
Global
	GlobalSection(SolutionConfigurationPlatforms) = preSolution
		Debug|Any CPU = Debug|Any CPU
		Release|Any CPU = Release|Any CPU
	EndGlobalSection
	GlobalSection(ProjectConfigurationPlatforms) = postSolution
		{405FCB54-6DD3-4069-9E8D-E7F08874F89A}.Debug|Any CPU.ActiveCfg = Debug|Any CPU
		{405FCB54-6DD3-4069-9E8D-E7F08874F89A}.Debug|Any CPU.Build.0 = Debug|Any CPU
		{405FCB54-6DD3-4069-9E8D-E7F08874F89A}.Release|Any CPU.ActiveCfg = Release|Any CPU
		{405FCB54-6DD3-4069-9E8D-E7F08874F89A}.Release|Any CPU.Build.0 = Release|Any CPU
		{41BCC87D-56D5-49BC-B43B-69A14247AF3F}.Debug|Any CPU.ActiveCfg = Debug|Any CPU
		{41BCC87D-56D5-49BC-B43B-69A14247AF3F}.Debug|Any CPU.Build.0 = Debug|Any CPU
		{41BCC87D-56D5-49BC-B43B-69A14247AF3F}.Release|Any CPU.ActiveCfg = Release|Any CPU
		{41BCC87D-56D5-49BC-B43B-69A14247AF3F}.Release|Any CPU.Build.0 = Release|Any CPU
	EndGlobalSection
	GlobalSection(SolutionProperties) = preSolution
		HideSolutionNode = FALSE
	EndGlobalSection
	GlobalSection(ExtensibilityGlobals) = postSolution
		SolutionGuid = {37FA7E72-79DE-4DF2-88AE-60092CFE05BE}
	EndGlobalSection
EndGlobal
